
Microsoft Visual Studio Solution File, Format Version 12.00
# Visual Studio Version 17
VisualStudioVersion = 17.0.31903.59
MinimumVisualStudioVersion = 10.0.40219.1
Project("{FAE04EC0-301F-11D3-BF4B-00C04F79EFBC}") = "QuaveChallenge.Tests", "QuaveChallenge.Tests\QuaveChallenge.Tests.csproj", "{97073D17-4291-4DF1-9308-8526B2D88747}"
EndProject
Project("{FAE04EC0-301F-11D3-BF4B-00C04F79EFBC}") = "QuaveChallenge.API", "QuaveChallenge.API\QuaveChallenge.API.csproj", "{8A5351D9-7436-4EF6-923E-75F88C78C48C}"
EndProject
Global
	GlobalSection(SolutionConfigurationPlatforms) = preSolution
		Debug|Any CPU = Debug|Any CPU
		Release|Any CPU = Release|Any CPU
	EndGlobalSection
	GlobalSection(SolutionProperties) = preSolution
		HideSolutionNode = FALSE
	EndGlobalSection
	GlobalSection(ProjectConfigurationPlatforms) = postSolution
		{97073D17-4291-4DF1-9308-8526B2D88747}.Debug|Any CPU.ActiveCfg = Debug|Any CPU
		{97073D17-4291-4DF1-9308-8526B2D88747}.Debug|Any CPU.Build.0 = Debug|Any CPU
		{97073D17-4291-4DF1-9308-8526B2D88747}.Release|Any CPU.ActiveCfg = Release|Any CPU
		{97073D17-4291-4DF1-9308-8526B2D88747}.Release|Any CPU.Build.0 = Release|Any CPU
		{8A5351D9-7436-4EF6-923E-75F88C78C48C}.Debug|Any CPU.ActiveCfg = Debug|Any CPU
		{8A5351D9-7436-4EF6-923E-75F88C78C48C}.Debug|Any CPU.Build.0 = Debug|Any CPU
		{8A5351D9-7436-4EF6-923E-75F88C78C48C}.Release|Any CPU.ActiveCfg = Release|Any CPU
		{8A5351D9-7436-4EF6-923E-75F88C78C48C}.Release|Any CPU.Build.0 = Release|Any CPU
	EndGlobalSection
EndGlobal
